// !$*UTF8*$!
{
	archiveVersion = 1;
	classes = {
	};
	objectVersion = 51;
	objects = {

/* Begin PBXBuildFile section */
		2B4D398D96E9374A4CA510AB /* Pods_Calculater.framework in Frameworks */ = {isa = PBXBuildFile; fileRef = A7AC4811458101580391F433 /* Pods_Calculater.framework */; };
		5432A4762468A8E400FDF585 /* Task.swift in Sources */ = {isa = PBXBuildFile; fileRef = 5432A4752468A8E400FDF585 /* Task.swift */; };
		5432A4782468A8FE00FDF585 /* User.swift in Sources */ = {isa = PBXBuildFile; fileRef = 5432A4772468A8FE00FDF585 /* User.swift */; };
		548CD9962465F86400D6E520 /* TasksViewController.swift in Sources */ = {isa = PBXBuildFile; fileRef = 548CD9952465F86400D6E520 /* TasksViewController.swift */; };
		548CD99A2465FFF900D6E520 /* GoogleService-Info.plist in Resources */ = {isa = PBXBuildFile; fileRef = 548CD9992465FFF800D6E520 /* GoogleService-Info.plist */; };
		54BAFBFA2351EA5300820EE3 /* AppDelegate.swift in Sources */ = {isa = PBXBuildFile; fileRef = 54BAFBF92351EA5300820EE3 /* AppDelegate.swift */; };
		54BAFBFC2351EA5300820EE3 /* FirstViewController.swift in Sources */ = {isa = PBXBuildFile; fileRef = 54BAFBFB2351EA5300820EE3 /* FirstViewController.swift */; };
		54BAFBFE2351EA5300820EE3 /* LoginViewController.swift in Sources */ = {isa = PBXBuildFile; fileRef = 54BAFBFD2351EA5300820EE3 /* LoginViewController.swift */; };
		54BAFC012351EA5300820EE3 /* Main.storyboard in Resources */ = {isa = PBXBuildFile; fileRef = 54BAFBFF2351EA5300820EE3 /* Main.storyboard */; };
		54BAFC062351EA5500820EE3 /* LaunchScreen.storyboard in Resources */ = {isa = PBXBuildFile; fileRef = 54BAFC042351EA5500820EE3 /* LaunchScreen.storyboard */; };
		54BAFC112351EA5500820EE3 /* CalculaterTests.swift in Sources */ = {isa = PBXBuildFile; fileRef = 54BAFC102351EA5500820EE3 /* CalculaterTests.swift */; };
		54BAFC1C2351EA5500820EE3 /* CalculaterUITests.swift in Sources */ = {isa = PBXBuildFile; fileRef = 54BAFC1B2351EA5500820EE3 /* CalculaterUITests.swift */; };
		54D24510246FFB4100B68EBB /* Assets.xcassets in Resources */ = {isa = PBXBuildFile; fileRef = 54D2450F246FFB4100B68EBB /* Assets.xcassets */; };
/* End PBXBuildFile section */

/* Begin PBXContainerItemProxy section */
		54BAFC0D2351EA5500820EE3 /* PBXContainerItemProxy */ = {
			isa = PBXContainerItemProxy;
			containerPortal = 54BAFBEE2351EA5200820EE3 /* Project object */;
			proxyType = 1;
			remoteGlobalIDString = 54BAFBF52351EA5200820EE3;
			remoteInfo = Calculater;
		};
		54BAFC182351EA5500820EE3 /* PBXContainerItemProxy */ = {
			isa = PBXContainerItemProxy;
			containerPortal = 54BAFBEE2351EA5200820EE3 /* Project object */;
			proxyType = 1;
			remoteGlobalIDString = 54BAFBF52351EA5200820EE3;
			remoteInfo = Calculater;
		};
/* End PBXContainerItemProxy section */

/* Begin PBXFileReference section */
		5432A4752468A8E400FDF585 /* Task.swift */ = {isa = PBXFileReference; lastKnownFileType = sourcecode.swift; path = Task.swift; sourceTree = "<group>"; };
		5432A4772468A8FE00FDF585 /* User.swift */ = {isa = PBXFileReference; lastKnownFileType = sourcecode.swift; path = User.swift; sourceTree = "<group>"; };
		548CD9952465F86400D6E520 /* TasksViewController.swift */ = {isa = PBXFileReference; lastKnownFileType = sourcecode.swift; path = TasksViewController.swift; sourceTree = "<group>"; };
		548CD9992465FFF800D6E520 /* GoogleService-Info.plist */ = {isa = PBXFileReference; fileEncoding = 4; lastKnownFileType = text.plist.xml; path = "GoogleService-Info.plist"; sourceTree = "<group>"; };
		54BAFBF62351EA5300820EE3 /* Calculater.app */ = {isa = PBXFileReference; explicitFileType = wrapper.application; includeInIndex = 0; path = Calculater.app; sourceTree = BUILT_PRODUCTS_DIR; };
		54BAFBF92351EA5300820EE3 /* AppDelegate.swift */ = {isa = PBXFileReference; lastKnownFileType = sourcecode.swift; path = AppDelegate.swift; sourceTree = "<group>"; };
		54BAFBFB2351EA5300820EE3 /* FirstViewController.swift */ = {isa = PBXFileReference; lastKnownFileType = sourcecode.swift; path = FirstViewController.swift; sourceTree = "<group>"; };
		54BAFBFD2351EA5300820EE3 /* LoginViewController.swift */ = {isa = PBXFileReference; lastKnownFileType = sourcecode.swift; path = LoginViewController.swift; sourceTree = "<group>"; };
		54BAFC002351EA5300820EE3 /* Base */ = {isa = PBXFileReference; lastKnownFileType = file.storyboard; name = Base; path = Base.lproj/Main.storyboard; sourceTree = "<group>"; };
		54BAFC052351EA5500820EE3 /* Base */ = {isa = PBXFileReference; lastKnownFileType = file.storyboard; name = Base; path = Base.lproj/LaunchScreen.storyboard; sourceTree = "<group>"; };
		54BAFC072351EA5500820EE3 /* Info.plist */ = {isa = PBXFileReference; lastKnownFileType = text.plist.xml; path = Info.plist; sourceTree = "<group>"; };
		54BAFC0C2351EA5500820EE3 /* CalculaterTests.xctest */ = {isa = PBXFileReference; explicitFileType = wrapper.cfbundle; includeInIndex = 0; path = CalculaterTests.xctest; sourceTree = BUILT_PRODUCTS_DIR; };
		54BAFC102351EA5500820EE3 /* CalculaterTests.swift */ = {isa = PBXFileReference; lastKnownFileType = sourcecode.swift; path = CalculaterTests.swift; sourceTree = "<group>"; };
		54BAFC122351EA5500820EE3 /* Info.plist */ = {isa = PBXFileReference; lastKnownFileType = text.plist.xml; path = Info.plist; sourceTree = "<group>"; };
		54BAFC172351EA5500820EE3 /* CalculaterUITests.xctest */ = {isa = PBXFileReference; explicitFileType = wrapper.cfbundle; includeInIndex = 0; path = CalculaterUITests.xctest; sourceTree = BUILT_PRODUCTS_DIR; };
		54BAFC1B2351EA5500820EE3 /* CalculaterUITests.swift */ = {isa = PBXFileReference; lastKnownFileType = sourcecode.swift; path = CalculaterUITests.swift; sourceTree = "<group>"; };
		54BAFC1D2351EA5500820EE3 /* Info.plist */ = {isa = PBXFileReference; lastKnownFileType = text.plist.xml; path = Info.plist; sourceTree = "<group>"; };
		54D2450F246FFB4100B68EBB /* Assets.xcassets */ = {isa = PBXFileReference; lastKnownFileType = folder.assetcatalog; path = Assets.xcassets; sourceTree = "<group>"; };
		9EEC7F8FCE24363B698B1485 /* Pods-Calculater.debug.xcconfig */ = {isa = PBXFileReference; includeInIndex = 1; lastKnownFileType = text.xcconfig; name = "Pods-Calculater.debug.xcconfig"; path = "Target Support Files/Pods-Calculater/Pods-Calculater.debug.xcconfig"; sourceTree = "<group>"; };
		A7AC4811458101580391F433 /* Pods_Calculater.framework */ = {isa = PBXFileReference; explicitFileType = wrapper.framework; includeInIndex = 0; path = Pods_Calculater.framework; sourceTree = BUILT_PRODUCTS_DIR; };
		BDB5DF54B93175BAD2953429 /* Pods-Calculater.release.xcconfig */ = {isa = PBXFileReference; includeInIndex = 1; lastKnownFileType = text.xcconfig; name = "Pods-Calculater.release.xcconfig"; path = "Target Support Files/Pods-Calculater/Pods-Calculater.release.xcconfig"; sourceTree = "<group>"; };
/* End PBXFileReference section */

/* Begin PBXFrameworksBuildPhase section */
		54BAFBF32351EA5200820EE3 /* Frameworks */ = {
			isa = PBXFrameworksBuildPhase;
			buildActionMask = 2147483647;
			files = (
				2B4D398D96E9374A4CA510AB /* Pods_Calculater.framework in Frameworks */,
			);
			runOnlyForDeploymentPostprocessing = 0;
		};
		54BAFC092351EA5500820EE3 /* Frameworks */ = {
			isa = PBXFrameworksBuildPhase;
			buildActionMask = 2147483647;
			files = (
			);
			runOnlyForDeploymentPostprocessing = 0;
		};
		54BAFC142351EA5500820EE3 /* Frameworks */ = {
			isa = PBXFrameworksBuildPhase;
			buildActionMask = 2147483647;
			files = (
			);
			runOnlyForDeploymentPostprocessing = 0;
		};
/* End PBXFrameworksBuildPhase section */

/* Begin PBXGroup section */
		4B41787DE157DD8E1E54583C /* Pods */ = {
			isa = PBXGroup;
			children = (
				9EEC7F8FCE24363B698B1485 /* Pods-Calculater.debug.xcconfig */,
				BDB5DF54B93175BAD2953429 /* Pods-Calculater.release.xcconfig */,
			);
			path = Pods;
			sourceTree = "<group>";
		};
		5432A4792468A91500FDF585 /* Model */ = {
			isa = PBXGroup;
			children = (
				5432A4752468A8E400FDF585 /* Task.swift */,
				5432A4772468A8FE00FDF585 /* User.swift */,
			);
			path = Model;
			sourceTree = "<group>";
		};
		548CD9972465F8AC00D6E520 /* Supporting Files */ = {
			isa = PBXGroup;
			children = (
				54BAFBF92351EA5300820EE3 /* AppDelegate.swift */,
				54D2450F246FFB4100B68EBB /* Assets.xcassets */,
				54BAFBFF2351EA5300820EE3 /* Main.storyboard */,
				54BAFC042351EA5500820EE3 /* LaunchScreen.storyboard */,
				548CD9992465FFF800D6E520 /* GoogleService-Info.plist */,
			);
			path = "Supporting Files";
			sourceTree = "<group>";
		};
		548CD9982465F8D500D6E520 /* Controller */ = {
			isa = PBXGroup;
			children = (
				54BAFBFB2351EA5300820EE3 /* FirstViewController.swift */,
				54BAFBFD2351EA5300820EE3 /* LoginViewController.swift */,
				548CD9952465F86400D6E520 /* TasksViewController.swift */,
			);
			path = Controller;
			sourceTree = "<group>";
		};
		54BAFBED2351EA5200820EE3 = {
			isa = PBXGroup;
			children = (
				54BAFBF82351EA5300820EE3 /* Calculater */,
				54BAFC0F2351EA5500820EE3 /* CalculaterTests */,
				54BAFC1A2351EA5500820EE3 /* CalculaterUITests */,
				54BAFBF72351EA5300820EE3 /* Products */,
				4B41787DE157DD8E1E54583C /* Pods */,
				880BCDE558082F387A6B5961 /* Frameworks */,
			);
			sourceTree = "<group>";
		};
		54BAFBF72351EA5300820EE3 /* Products */ = {
			isa = PBXGroup;
			children = (
				54BAFBF62351EA5300820EE3 /* Calculater.app */,
				54BAFC0C2351EA5500820EE3 /* CalculaterTests.xctest */,
				54BAFC172351EA5500820EE3 /* CalculaterUITests.xctest */,
			);
			name = Products;
			sourceTree = "<group>";
		};
		54BAFBF82351EA5300820EE3 /* Calculater */ = {
			isa = PBXGroup;
			children = (
				54BAFC072351EA5500820EE3 /* Info.plist */,
				5432A4792468A91500FDF585 /* Model */,
				548CD9982465F8D500D6E520 /* Controller */,
				548CD9972465F8AC00D6E520 /* Supporting Files */,
			);
			path = Calculater;
			sourceTree = "<group>";
		};
		54BAFC0F2351EA5500820EE3 /* CalculaterTests */ = {
			isa = PBXGroup;
			children = (
				54BAFC102351EA5500820EE3 /* CalculaterTests.swift */,
				54BAFC122351EA5500820EE3 /* Info.plist */,
			);
			path = CalculaterTests;
			sourceTree = "<group>";
		};
		54BAFC1A2351EA5500820EE3 /* CalculaterUITests */ = {
			isa = PBXGroup;
			children = (
				54BAFC1B2351EA5500820EE3 /* CalculaterUITests.swift */,
				54BAFC1D2351EA5500820EE3 /* Info.plist */,
			);
			path = CalculaterUITests;
			sourceTree = "<group>";
		};
		880BCDE558082F387A6B5961 /* Frameworks */ = {
			isa = PBXGroup;
			children = (
				A7AC4811458101580391F433 /* Pods_Calculater.framework */,
			);
			name = Frameworks;
			sourceTree = "<group>";
		};
/* End PBXGroup section */

/* Begin PBXNativeTarget section */
		54BAFBF52351EA5200820EE3 /* Calculater */ = {
			isa = PBXNativeTarget;
			buildConfigurationList = 54BAFC202351EA5600820EE3 /* Build configuration list for PBXNativeTarget "Calculater" */;
			buildPhases = (
				6C6DCA41E1CD97A28054CCA4 /* [CP] Check Pods Manifest.lock */,
				54BAFBF22351EA5200820EE3 /* Sources */,
				54BAFBF32351EA5200820EE3 /* Frameworks */,
				54BAFBF42351EA5200820EE3 /* Resources */,
				59CD3C93F0C1006AC0FB2BB7 /* [CP] Embed Pods Frameworks */,
			);
			buildRules = (
			);
			dependencies = (
			);
			name = Calculater;
			productName = Calculater;
			productReference = 54BAFBF62351EA5300820EE3 /* Calculater.app */;
			productType = "com.apple.product-type.application";
		};
		54BAFC0B2351EA5500820EE3 /* CalculaterTests */ = {
			isa = PBXNativeTarget;
			buildConfigurationList = 54BAFC232351EA5600820EE3 /* Build configuration list for PBXNativeTarget "CalculaterTests" */;
			buildPhases = (
				54BAFC082351EA5500820EE3 /* Sources */,
				54BAFC092351EA5500820EE3 /* Frameworks */,
				54BAFC0A2351EA5500820EE3 /* Resources */,
			);
			buildRules = (
			);
			dependencies = (
				54BAFC0E2351EA5500820EE3 /* PBXTargetDependency */,
			);
			name = CalculaterTests;
			productName = CalculaterTests;
			productReference = 54BAFC0C2351EA5500820EE3 /* CalculaterTests.xctest */;
			productType = "com.apple.product-type.bundle.unit-test";
		};
		54BAFC162351EA5500820EE3 /* CalculaterUITests */ = {
			isa = PBXNativeTarget;
			buildConfigurationList = 54BAFC262351EA5600820EE3 /* Build configuration list for PBXNativeTarget "CalculaterUITests" */;
			buildPhases = (
				54BAFC132351EA5500820EE3 /* Sources */,
				54BAFC142351EA5500820EE3 /* Frameworks */,
				54BAFC152351EA5500820EE3 /* Resources */,
			);
			buildRules = (
			);
			dependencies = (
				54BAFC192351EA5500820EE3 /* PBXTargetDependency */,
			);
			name = CalculaterUITests;
			productName = CalculaterUITests;
			productReference = 54BAFC172351EA5500820EE3 /* CalculaterUITests.xctest */;
			productType = "com.apple.product-type.bundle.ui-testing";
		};
/* End PBXNativeTarget section */

/* Begin PBXProject section */
		54BAFBEE2351EA5200820EE3 /* Project object */ = {
			isa = PBXProject;
			attributes = {
				LastSwiftUpdateCheck = 1010;
				LastUpgradeCheck = 1010;
				ORGANIZATIONNAME = "Nikita Yudichev";
				TargetAttributes = {
					54BAFBF52351EA5200820EE3 = {
						CreatedOnToolsVersion = 10.1;
					};
					54BAFC0B2351EA5500820EE3 = {
						CreatedOnToolsVersion = 10.1;
						TestTargetID = 54BAFBF52351EA5200820EE3;
					};
					54BAFC162351EA5500820EE3 = {
						CreatedOnToolsVersion = 10.1;
						TestTargetID = 54BAFBF52351EA5200820EE3;
					};
				};
			};
			buildConfigurationList = 54BAFBF12351EA5200820EE3 /* Build configuration list for PBXProject "Calculater" */;
			compatibilityVersion = "Xcode 9.3";
			developmentRegion = en;
			hasScannedForEncodings = 0;
			knownRegions = (
				en,
				Base,
			);
			mainGroup = 54BAFBED2351EA5200820EE3;
			productRefGroup = 54BAFBF72351EA5300820EE3 /* Products */;
			projectDirPath = "";
			projectRoot = "";
			targets = (
				54BAFBF52351EA5200820EE3 /* Calculater */,
				54BAFC0B2351EA5500820EE3 /* CalculaterTests */,
				54BAFC162351EA5500820EE3 /* CalculaterUITests */,
			);
		};
/* End PBXProject section */

/* Begin PBXResourcesBuildPhase section */
		54BAFBF42351EA5200820EE3 /* Resources */ = {
			isa = PBXResourcesBuildPhase;
			buildActionMask = 2147483647;
			files = (
				54BAFC062351EA5500820EE3 /* LaunchScreen.storyboard in Resources */,
				548CD99A2465FFF900D6E520 /* GoogleService-Info.plist in Resources */,
				54BAFC012351EA5300820EE3 /* Main.storyboard in Resources */,
				54D24510246FFB4100B68EBB /* Assets.xcassets in Resources */,
			);
			runOnlyForDeploymentPostprocessing = 0;
		};
		54BAFC0A2351EA5500820EE3 /* Resources */ = {
			isa = PBXResourcesBuildPhase;
			buildActionMask = 2147483647;
			files = (
			);
			runOnlyForDeploymentPostprocessing = 0;
		};
		54BAFC152351EA5500820EE3 /* Resources */ = {
			isa = PBXResourcesBuildPhase;
			buildActionMask = 2147483647;
			files = (
			);
			runOnlyForDeploymentPostprocessing = 0;
		};
/* End PBXResourcesBuildPhase section */

/* Begin PBXShellScriptBuildPhase section */
		59CD3C93F0C1006AC0FB2BB7 /* [CP] Embed Pods Frameworks */ = {
			isa = PBXShellScriptBuildPhase;
			buildActionMask = 2147483647;
			files = (
			);
			inputFileListPaths = (
				"${PODS_ROOT}/Target Support Files/Pods-Calculater/Pods-Calculater-frameworks-${CONFIGURATION}-input-files.xcfilelist",
			);
			name = "[CP] Embed Pods Frameworks";
			outputFileListPaths = (
				"${PODS_ROOT}/Target Support Files/Pods-Calculater/Pods-Calculater-frameworks-${CONFIGURATION}-output-files.xcfilelist",
			);
			runOnlyForDeploymentPostprocessing = 0;
			shellPath = /bin/sh;
			shellScript = "\"${PODS_ROOT}/Target Support Files/Pods-Calculater/Pods-Calculater-frameworks.sh\"\n";
			showEnvVarsInLog = 0;
		};
		6C6DCA41E1CD97A28054CCA4 /* [CP] Check Pods Manifest.lock */ = {
			isa = PBXShellScriptBuildPhase;
			buildActionMask = 2147483647;
			files = (
			);
			inputFileListPaths = (
			);
			inputPaths = (
				"${PODS_PODFILE_DIR_PATH}/Podfile.lock",
				"${PODS_ROOT}/Manifest.lock",
			);
			name = "[CP] Check Pods Manifest.lock";
			outputFileListPaths = (
			);
			outputPaths = (
				"$(DERIVED_FILE_DIR)/Pods-Calculater-checkManifestLockResult.txt",
			);
			runOnlyForDeploymentPostprocessing = 0;
			shellPath = /bin/sh;
			shellScript = "diff \"${PODS_PODFILE_DIR_PATH}/Podfile.lock\" \"${PODS_ROOT}/Manifest.lock\" > /dev/null\nif [ $? != 0 ] ; then\n    # print error to STDERR\n    echo \"error: The sandbox is not in sync with the Podfile.lock. Run 'pod install' or update your CocoaPods installation.\" >&2\n    exit 1\nfi\n# This output is used by Xcode 'outputs' to avoid re-running this script phase.\necho \"SUCCESS\" > \"${SCRIPT_OUTPUT_FILE_0}\"\n";
			showEnvVarsInLog = 0;
		};
/* End PBXShellScriptBuildPhase section */

/* Begin PBXSourcesBuildPhase section */
		54BAFBF22351EA5200820EE3 /* Sources */ = {
			isa = PBXSourcesBuildPhase;
			buildActionMask = 2147483647;
			files = (
				54BAFBFE2351EA5300820EE3 /* LoginViewController.swift in Sources */,
				548CD9962465F86400D6E520 /* TasksViewController.swift in Sources */,
				5432A4782468A8FE00FDF585 /* User.swift in Sources */,
				5432A4762468A8E400FDF585 /* Task.swift in Sources */,
				54BAFBFA2351EA5300820EE3 /* AppDelegate.swift in Sources */,
				54BAFBFC2351EA5300820EE3 /* FirstViewController.swift in Sources */,
			);
			runOnlyForDeploymentPostprocessing = 0;
		};
		54BAFC082351EA5500820EE3 /* Sources */ = {
			isa = PBXSourcesBuildPhase;
			buildActionMask = 2147483647;
			files = (
				54BAFC112351EA5500820EE3 /* CalculaterTests.swift in Sources */,
			);
			runOnlyForDeploymentPostprocessing = 0;
		};
		54BAFC132351EA5500820EE3 /* Sources */ = {
			isa = PBXSourcesBuildPhase;
			buildActionMask = 2147483647;
			files = (
				54BAFC1C2351EA5500820EE3 /* CalculaterUITests.swift in Sources */,
			);
			runOnlyForDeploymentPostprocessing = 0;
		};
/* End PBXSourcesBuildPhase section */

/* Begin PBXTargetDependency section */
		54BAFC0E2351EA5500820EE3 /* PBXTargetDependency */ = {
			isa = PBXTargetDependency;
			target = 54BAFBF52351EA5200820EE3 /* Calculater */;
			targetProxy = 54BAFC0D2351EA5500820EE3 /* PBXContainerItemProxy */;
		};
		54BAFC192351EA5500820EE3 /* PBXTargetDependency */ = {
			isa = PBXTargetDependency;
			target = 54BAFBF52351EA5200820EE3 /* Calculater */;
			targetProxy = 54BAFC182351EA5500820EE3 /* PBXContainerItemProxy */;
		};
/* End PBXTargetDependency section */

/* Begin PBXVariantGroup section */
		54BAFBFF2351EA5300820EE3 /* Main.storyboard */ = {
			isa = PBXVariantGroup;
			children = (
				54BAFC002351EA5300820EE3 /* Base */,
			);
			name = Main.storyboard;
			sourceTree = "<group>";
		};
		54BAFC042351EA5500820EE3 /* LaunchScreen.storyboard */ = {
			isa = PBXVariantGroup;
			children = (
				54BAFC052351EA5500820EE3 /* Base */,
			);
			name = LaunchScreen.storyboard;
			sourceTree = "<group>";
		};
/* End PBXVariantGroup section */

/* Begin XCBuildConfiguration section */
		54BAFC1E2351EA5500820EE3 /* Debug */ = {
			isa = XCBuildConfiguration;
			buildSettings = {
				ALWAYS_SEARCH_USER_PATHS = NO;
				CLANG_ANALYZER_NONNULL = YES;
				CLANG_ANALYZER_NUMBER_OBJECT_CONVERSION = YES_AGGRESSIVE;
				CLANG_CXX_LANGUAGE_STANDARD = "gnu++14";
				CLANG_CXX_LIBRARY = "libc++";
				CLANG_ENABLE_MODULES = YES;
				CLANG_ENABLE_OBJC_ARC = YES;
				CLANG_ENABLE_OBJC_WEAK = YES;
				CLANG_WARN_BLOCK_CAPTURE_AUTORELEASING = YES;
				CLANG_WARN_BOOL_CONVERSION = YES;
				CLANG_WARN_COMMA = YES;
				CLANG_WARN_CONSTANT_CONVERSION = YES;
				CLANG_WARN_DEPRECATED_OBJC_IMPLEMENTATIONS = YES;
				CLANG_WARN_DIRECT_OBJC_ISA_USAGE = YES_ERROR;
				CLANG_WARN_DOCUMENTATION_COMMENTS = YES;
				CLANG_WARN_EMPTY_BODY = YES;
				CLANG_WARN_ENUM_CONVERSION = YES;
				CLANG_WARN_INFINITE_RECURSION = YES;
				CLANG_WARN_INT_CONVERSION = YES;
				CLANG_WARN_NON_LITERAL_NULL_CONVERSION = YES;
				CLANG_WARN_OBJC_IMPLICIT_RETAIN_SELF = YES;
				CLANG_WARN_OBJC_LITERAL_CONVERSION = YES;
				CLANG_WARN_OBJC_ROOT_CLASS = YES_ERROR;
				CLANG_WARN_RANGE_LOOP_ANALYSIS = YES;
				CLANG_WARN_STRICT_PROTOTYPES = YES;
				CLANG_WARN_SUSPICIOUS_MOVE = YES;
				CLANG_WARN_UNGUARDED_AVAILABILITY = YES_AGGRESSIVE;
				CLANG_WARN_UNREACHABLE_CODE = YES;
				CLANG_WARN__DUPLICATE_METHOD_MATCH = YES;
				CODE_SIGN_IDENTITY = "iPhone Developer";
				COPY_PHASE_STRIP = NO;
				DEBUG_INFORMATION_FORMAT = dwarf;
				ENABLE_STRICT_OBJC_MSGSEND = YES;
				ENABLE_TESTABILITY = YES;
				GCC_C_LANGUAGE_STANDARD = gnu11;
				GCC_DYNAMIC_NO_PIC = NO;
				GCC_NO_COMMON_BLOCKS = YES;
				GCC_OPTIMIZATION_LEVEL = 0;
				GCC_PREPROCESSOR_DEFINITIONS = (
					"DEBUG=1",
					"$(inherited)",
				);
				GCC_WARN_64_TO_32_BIT_CONVERSION = YES;
				GCC_WARN_ABOUT_RETURN_TYPE = YES_ERROR;
				GCC_WARN_UNDECLARED_SELECTOR = YES;
				GCC_WARN_UNINITIALIZED_AUTOS = YES_AGGRESSIVE;
				GCC_WARN_UNUSED_FUNCTION = YES;
				GCC_WARN_UNUSED_VARIABLE = YES;
				IPHONEOS_DEPLOYMENT_TARGET = 12.1;
				MTL_ENABLE_DEBUG_INFO = INCLUDE_SOURCE;
				MTL_FAST_MATH = YES;
				ONLY_ACTIVE_ARCH = YES;
				SDKROOT = iphoneos;
				SWIFT_ACTIVE_COMPILATION_CONDITIONS = DEBUG;
				SWIFT_OPTIMIZATION_LEVEL = "-Onone";
			};
			name = Debug;
		};
		54BAFC1F2351EA5500820EE3 /* Release */ = {
			isa = XCBuildConfiguration;
			buildSettings = {
				ALWAYS_SEARCH_USER_PATHS = NO;
				CLANG_ANALYZER_NONNULL = YES;
				CLANG_ANALYZER_NUMBER_OBJECT_CONVERSION = YES_AGGRESSIVE;
				CLANG_CXX_LANGUAGE_STANDARD = "gnu++14";
				CLANG_CXX_LIBRARY = "libc++";
				CLANG_ENABLE_MODULES = YES;
				CLANG_ENABLE_OBJC_ARC = YES;
				CLANG_ENABLE_OBJC_WEAK = YES;
				CLANG_WARN_BLOCK_CAPTURE_AUTORELEASING = YES;
				CLANG_WARN_BOOL_CONVERSION = YES;
				CLANG_WARN_COMMA = YES;
				CLANG_WARN_CONSTANT_CONVERSION = YES;
				CLANG_WARN_DEPRECATED_OBJC_IMPLEMENTATIONS = YES;
				CLANG_WARN_DIRECT_OBJC_ISA_USAGE = YES_ERROR;
				CLANG_WARN_DOCUMENTATION_COMMENTS = YES;
				CLANG_WARN_EMPTY_BODY = YES;
				CLANG_WARN_ENUM_CONVERSION = YES;
				CLANG_WARN_INFINITE_RECURSION = YES;
				CLANG_WARN_INT_CONVERSION = YES;
				CLANG_WARN_NON_LITERAL_NULL_CONVERSION = YES;
				CLANG_WARN_OBJC_IMPLICIT_RETAIN_SELF = YES;
				CLANG_WARN_OBJC_LITERAL_CONVERSION = YES;
				CLANG_WARN_OBJC_ROOT_CLASS = YES_ERROR;
				CLANG_WARN_RANGE_LOOP_ANALYSIS = YES;
				CLANG_WARN_STRICT_PROTOTYPES = YES;
				CLANG_WARN_SUSPICIOUS_MOVE = YES;
				CLANG_WARN_UNGUARDED_AVAILABILITY = YES_AGGRESSIVE;
				CLANG_WARN_UNREACHABLE_CODE = YES;
				CLANG_WARN__DUPLICATE_METHOD_MATCH = YES;
				CODE_SIGN_IDENTITY = "iPhone Developer";
				COPY_PHASE_STRIP = NO;
				DEBUG_INFORMATION_FORMAT = "dwarf-with-dsym";
				ENABLE_NS_ASSERTIONS = NO;
				ENABLE_STRICT_OBJC_MSGSEND = YES;
				GCC_C_LANGUAGE_STANDARD = gnu11;
				GCC_NO_COMMON_BLOCKS = YES;
				GCC_WARN_64_TO_32_BIT_CONVERSION = YES;
				GCC_WARN_ABOUT_RETURN_TYPE = YES_ERROR;
				GCC_WARN_UNDECLARED_SELECTOR = YES;
				GCC_WARN_UNINITIALIZED_AUTOS = YES_AGGRESSIVE;
				GCC_WARN_UNUSED_FUNCTION = YES;
				GCC_WARN_UNUSED_VARIABLE = YES;
				IPHONEOS_DEPLOYMENT_TARGET = 12.1;
				MTL_ENABLE_DEBUG_INFO = NO;
				MTL_FAST_MATH = YES;
				SDKROOT = iphoneos;
				SWIFT_COMPILATION_MODE = wholemodule;
				SWIFT_OPTIMIZATION_LEVEL = "-O";
				VALIDATE_PRODUCT = YES;
			};
			name = Release;
		};
		54BAFC212351EA5600820EE3 /* Debug */ = {
			isa = XCBuildConfiguration;
			baseConfigurationReference = 9EEC7F8FCE24363B698B1485 /* Pods-Calculater.debug.xcconfig */;
			buildSettings = {
				ASSETCATALOG_COMPILER_APPICON_NAME = AppIcon;
				CODE_SIGN_STYLE = Automatic;
				DEVELOPMENT_TEAM = HJS77K8FR9;
				INFOPLIST_FILE = Calculater/Info.plist;
				LD_RUNPATH_SEARCH_PATHS = (
					"$(inherited)",
					"@executable_path/Frameworks",
				);
				PRODUCT_BUNDLE_IDENTIFIER = korp2003.Calculater;
				PRODUCT_NAME = "$(TARGET_NAME)";
				SWIFT_VERSION = 4.2;
				TARGETED_DEVICE_FAMILY = "1,2";
			};
			name = Debug;
		};
		54BAFC222351EA5600820EE3 /* Release */ = {
			isa = XCBuildConfiguration;
			baseConfigurationReference = BDB5DF54B93175BAD2953429 /* Pods-Calculater.release.xcconfig */;
			buildSettings = {
				ASSETCATALOG_COMPILER_APPICON_NAME = AppIcon;
				CODE_SIGN_STYLE = Automatic;
				DEVELOPMENT_TEAM = HJS77K8FR9;
				INFOPLIST_FILE = Calculater/Info.plist;
				LD_RUNPATH_SEARCH_PATHS = (
					"$(inherited)",
					"@executable_path/Frameworks",
				);
				PRODUCT_BUNDLE_IDENTIFIER = korp2003.Calculater;
				PRODUCT_NAME = "$(TARGET_NAME)";
				SWIFT_VERSION = 4.2;
				TARGETED_DEVICE_FAMILY = "1,2";
			};
			name = Release;
		};
		54BAFC242351EA5600820EE3 /* Debug */ = {
			isa = XCBuildConfiguration;
			buildSettings = {
				ALWAYS_EMBED_SWIFT_STANDARD_LIBRARIES = YES;
				BUNDLE_LOADER = "$(TEST_HOST)";
				CODE_SIGN_STYLE = Automatic;
				INFOPLIST_FILE = CalculaterTests/Info.plist;
				LD_RUNPATH_SEARCH_PATHS = (
					"$(inherited)",
					"@executable_path/Frameworks",
					"@loader_path/Frameworks",
				);
				PRODUCT_BUNDLE_IDENTIFIER = korp2003.CalculaterTests;
				PRODUCT_NAME = "$(TARGET_NAME)";
				SWIFT_VERSION = 4.2;
				TARGETED_DEVICE_FAMILY = "1,2";
				TEST_HOST = "$(BUILT_PRODUCTS_DIR)/Calculater.app/Calculater";
			};
			name = Debug;
		};
		54BAFC252351EA5600820EE3 /* Release */ = {
			isa = XCBuildConfiguration;
			buildSettings = {
				ALWAYS_EMBED_SWIFT_STANDARD_LIBRARIES = YES;
				BUNDLE_LOADER = "$(TEST_HOST)";
				CODE_SIGN_STYLE = Automatic;
				INFOPLIST_FILE = CalculaterTests/Info.plist;
				LD_RUNPATH_SEARCH_PATHS = (
					"$(inherited)",
					"@executable_path/Frameworks",
					"@loader_path/Frameworks",
				);
				PRODUCT_BUNDLE_IDENTIFIER = korp2003.CalculaterTests;
				PRODUCT_NAME = "$(TARGET_NAME)";
				SWIFT_VERSION = 4.2;
				TARGETED_DEVICE_FAMILY = "1,2";
				TEST_HOST = "$(BUILT_PRODUCTS_DIR)/Calculater.app/Calculater";
			};
			name = Release;
		};
		54BAFC272351EA5600820EE3 /* Debug */ = {
			isa = XCBuildConfiguration;
			buildSettings = {
				ALWAYS_EMBED_SWIFT_STANDARD_LIBRARIES = YES;
				CODE_SIGN_STYLE = Automatic;
				INFOPLIST_FILE = CalculaterUITests/Info.plist;
				LD_RUNPATH_SEARCH_PATHS = (
					"$(inherited)",
					"@executable_path/Frameworks",
					"@loader_path/Frameworks",
				);
				PRODUCT_BUNDLE_IDENTIFIER = korp2003.CalculaterUITests;
				PRODUCT_NAME = "$(TARGET_NAME)";
				SWIFT_VERSION = 4.2;
				TARGETED_DEVICE_FAMILY = "1,2";
				TEST_TARGET_NAME = Calculater;
			};
			name = Debug;
		};
		54BAFC282351EA5600820EE3 /* Release */ = {
			isa = XCBuildConfiguration;
			buildSettings = {
				ALWAYS_EMBED_SWIFT_STANDARD_LIBRARIES = YES;
				CODE_SIGN_STYLE = Automatic;
				INFOPLIST_FILE = CalculaterUITests/Info.plist;
				LD_RUNPATH_SEARCH_PATHS = (
					"$(inherited)",
					"@executable_path/Frameworks",
					"@loader_path/Frameworks",
				);
				PRODUCT_BUNDLE_IDENTIFIER = korp2003.CalculaterUITests;
				PRODUCT_NAME = "$(TARGET_NAME)";
				SWIFT_VERSION = 4.2;
				TARGETED_DEVICE_FAMILY = "1,2";
				TEST_TARGET_NAME = Calculater;
			};
			name = Release;
		};
/* End XCBuildConfiguration section */

/* Begin XCConfigurationList section */
		54BAFBF12351EA5200820EE3 /* Build configuration list for PBXProject "Calculater" */ = {
			isa = XCConfigurationList;
			buildConfigurations = (
				54BAFC1E2351EA5500820EE3 /* Debug */,
				54BAFC1F2351EA5500820EE3 /* Release */,
			);
			defaultConfigurationIsVisible = 0;
			defaultConfigurationName = Release;
		};
		54BAFC202351EA5600820EE3 /* Build configuration list for PBXNativeTarget "Calculater" */ = {
			isa = XCConfigurationList;
			buildConfigurations = (
				54BAFC212351EA5600820EE3 /* Debug */,
				54BAFC222351EA5600820EE3 /* Release */,
			);
			defaultConfigurationIsVisible = 0;
			defaultConfigurationName = Release;
		};
		54BAFC232351EA5600820EE3 /* Build configuration list for PBXNativeTarget "CalculaterTests" */ = {
			isa = XCConfigurationList;
			buildConfigurations = (
				54BAFC242351EA5600820EE3 /* Debug */,
				54BAFC252351EA5600820EE3 /* Release */,
			);
			defaultConfigurationIsVisible = 0;
			defaultConfigurationName = Release;
		};
		54BAFC262351EA5600820EE3 /* Build configuration list for PBXNativeTarget "CalculaterUITests" */ = {
			isa = XCConfigurationList;
			buildConfigurations = (
				54BAFC272351EA5600820EE3 /* Debug */,
				54BAFC282351EA5600820EE3 /* Release */,
			);
			defaultConfigurationIsVisible = 0;
			defaultConfigurationName = Release;
		};
/* End XCConfigurationList section */
	};
	rootObject = 54BAFBEE2351EA5200820EE3 /* Project object */;
}
